
Microsoft Visual Studio Solution File, Format Version 12.00
# Visual Studio Version 17
VisualStudioVersion = 17.6.33829.357
MinimumVisualStudioVersion = 10.0.40219.1
Project("{9A19103F-16F7-4668-BE54-9A1E7A4F7556}") = "JwtTokenTest2", "JwtTokenTest2\JwtTokenTest2.csproj", "{C0798EA5-DBC0-4FFE-A033-1DAFD4DED9EB}"
EndProject
Global
	GlobalSection(SolutionConfigurationPlatforms) = preSolution
		Debug|Any CPU = Debug|Any CPU
		Release|Any CPU = Release|Any CPU
	EndGlobalSection
	GlobalSection(ProjectConfigurationPlatforms) = postSolution
		{C0798EA5-DBC0-4FFE-A033-1DAFD4DED9EB}.Debug|Any CPU.ActiveCfg = Debug|Any CPU
		{C0798EA5-DBC0-4FFE-A033-1DAFD4DED9EB}.Debug|Any CPU.Build.0 = Debug|Any CPU
		{C0798EA5-DBC0-4FFE-A033-1DAFD4DED9EB}.Release|Any CPU.ActiveCfg = Release|Any CPU
		{C0798EA5-DBC0-4FFE-A033-1DAFD4DED9EB}.Release|Any CPU.Build.0 = Release|Any CPU
	EndGlobalSection
	GlobalSection(SolutionProperties) = preSolution
		HideSolutionNode = FALSE
	EndGlobalSection
	GlobalSection(ExtensibilityGlobals) = postSolution
		SolutionGuid = {E6271702-0DE2-4C7C-AF2B-6B3F4B3365EB}
	EndGlobalSection
EndGlobal
